{
  "name": "anime_project",
  "version": "1.0.0",
  "lockfileVersion": 3,
  "requires": true,
  "packages": {
    "": {
      "name": "anime_project",
      "version": "1.0.0",
      "dependencies": {
        "vidstack": "^0.6.15"
      }
    },
    "node_modules/@maverick-js/signals": {
      "version": "5.11.5",
      "resolved": "https://registry.npmjs.org/@maverick-js/signals/-/signals-5.11.5.tgz",
      "integrity": "sha512-/GO94awrwN9ROYZDMTeByordjvbhcm3CMvB/2aL/sEUy9Va8nM/2GmNgOOe+rrooTGnz8/DzO73xomuBRrnYWw==",
      "license": "MIT"
    },
    "node_modules/maverick.js": {
      "version": "0.37.0",
      "resolved": "https://registry.npmjs.org/maverick.js/-/maverick.js-0.37.0.tgz",
      "integrity": "sha512-1Dk/9rienLiihlktVvH04ADC2UJTMflC1fOMVQCCaQAaz7hgzDI5i0p/arFbDM52hFFiIcq4RdXtYz47SgsLgw==",
      "license": "MIT",
      "dependencies": {
        "@maverick-js/signals": "^5.10.3",
        "type-fest": "^3.8.0"
      },
      "engines": {
        "node": ">=16"
      }
    },
    "node_modules/media-captions": {
      "version": "0.0.18",
      "resolved": "https://registry.npmjs.org/media-captions/-/media-captions-0.0.18.tgz",
      "integrity": "sha512-JW18P6FuHdyLSGwC4TQ0kF3WdNj/+wMw2cKOb8BnmY6vSJGtnwJ+vkYj+IjHOV34j3XMc70HDeB/QYKR7E7fuQ==",
      "license": "MIT",
      "engines": {
        "node": ">=16"
      }
    },
    "node_modules/type-fest": {
      "version": "3.13.1",
      "resolved": "https://registry.npmjs.org/type-fest/-/type-fest-3.13.1.tgz",
      "integrity": "sha512-tLq3bSNx+xSpwvAJnzrK0Ep5CLNWjvFTOp71URMaAEWBfRb9nnJiBoUe0tF8bI4ZFO3omgBR6NvnbzVUT3Ly4g==",
      "license": "(MIT OR CC0-1.0)",
      "engines": {
        "node": ">=14.16"
      },
      "funding": {
        "url": "https://github.com/sponsors/sindresorhus"
      }
    },
    "node_modules/vidstack": {
      "version": "0.6.15",
      "resolved": "https://registry.npmjs.org/vidstack/-/vidstack-0.6.15.tgz",
      "integrity": "sha512-pI2aixBuOpu/LSnRgNJ40tU/KFW+x1X+O2bW1hz946ZZShDM5oqRXF9pavDOuckHAHPgUN9HYUr9vUNTBUPF1Q==",
      "license": "MIT",
      "dependencies": {
        "maverick.js": "0.37.0",
        "media-captions": "0.0.18",
        "type-fest": "^3.8.0"
      },
      "engines": {
        "node": ">=16"
      }
    }
  }
}
